
Microsoft Visual Studio Solution File, Format Version 12.00
# Visual Studio 2013
VisualStudioVersion = 12.0.21005.1
MinimumVisualStudioVersion = 10.0.40219.1
Project("{FAE04EC0-301F-11D3-BF4B-00C04F79EFBC}") = "TimeTracker.HomePage", "TimeTracker.HomePage\TimeTracker.HomePage.csproj", "{E587FEED-C485-4F82-BFDA-B83C02A37B3A}"
EndProject
Project("{FAE04EC0-301F-11D3-BF4B-00C04F79EFBC}") = "TimeTracker.Windows", "TimeTracker.Windows\TimeTracker.Windows.csproj", "{155EB012-E4AC-45E2-93A8-E55DB1CFC9C6}"
EndProject
Project("{FAE04EC0-301F-11D3-BF4B-00C04F79EFBC}") = "TimeTracker.Backend", "TimeTracker.Backend\TimeTracker.Backend.csproj", "{37D7DC8D-CCFB-4C22-9AF3-8E9529FAB3B6}"
EndProject
Project("{FAE04EC0-301F-11D3-BF4B-00C04F79EFBC}") = "TimeTracker.WebApp", "TimeTracker.WebApp\TimeTracker.WebApp.csproj", "{55D9D279-312D-418D-AA92-9485A2EB3F6F}"
EndProject
Project("{2150E333-8FDC-42A3-9474-1A3956D46DE8}") = ".nuget", ".nuget", "{6E449F15-0D37-41A7-8C76-005317019159}"
	ProjectSection(SolutionItems) = preProject
		.nuget\NuGet.Config = .nuget\NuGet.Config
		.nuget\NuGet.exe = .nuget\NuGet.exe
		.nuget\NuGet.targets = .nuget\NuGet.targets
	EndProjectSection
EndProject
Project("{FAE04EC0-301F-11D3-BF4B-00C04F79EFBC}") = "TimeTracker.RestDataClient", "TimeTracker.RestDataClient\TimeTracker.RestDataClient.csproj", "{B6F71DDE-A857-49F5-8270-BE2EDA3BD965}"
EndProject
Project("{FAE04EC0-301F-11D3-BF4B-00C04F79EFBC}") = "TimeTracker.RestDataClient.Tests", "TimeTracker.RestDataClient.Tests\TimeTracker.RestDataClient.Tests.csproj", "{11DBA312-458D-41D5-A6EE-AD73008EE87A}"
EndProject
Project("{FAE04EC0-301F-11D3-BF4B-00C04F79EFBC}") = "TimeTracker.Windows.DataStore", "TimeTracker.Windows.DataStore\TimeTracker.Windows.DataStore.csproj", "{461D923A-8F4E-4774-88C1-73B97FF94069}"
EndProject
Project("{FAE04EC0-301F-11D3-BF4B-00C04F79EFBC}") = "TimeTracker.Tools", "TimeTracker.Tools\TimeTracker.Tools.csproj", "{57C882B1-534E-4FE8-82E6-9F61DCCB0FB0}"
EndProject
Global
	GlobalSection(SolutionConfigurationPlatforms) = preSolution
		Debug|Any CPU = Debug|Any CPU
		Release|Any CPU = Release|Any CPU
	EndGlobalSection
	GlobalSection(ProjectConfigurationPlatforms) = postSolution
		{E587FEED-C485-4F82-BFDA-B83C02A37B3A}.Debug|Any CPU.ActiveCfg = Debug|Any CPU
		{E587FEED-C485-4F82-BFDA-B83C02A37B3A}.Debug|Any CPU.Build.0 = Debug|Any CPU
		{E587FEED-C485-4F82-BFDA-B83C02A37B3A}.Release|Any CPU.ActiveCfg = Release|Any CPU
		{E587FEED-C485-4F82-BFDA-B83C02A37B3A}.Release|Any CPU.Build.0 = Release|Any CPU
		{155EB012-E4AC-45E2-93A8-E55DB1CFC9C6}.Debug|Any CPU.ActiveCfg = Debug|Any CPU
		{155EB012-E4AC-45E2-93A8-E55DB1CFC9C6}.Debug|Any CPU.Build.0 = Debug|Any CPU
		{155EB012-E4AC-45E2-93A8-E55DB1CFC9C6}.Release|Any CPU.ActiveCfg = Release|Any CPU
		{155EB012-E4AC-45E2-93A8-E55DB1CFC9C6}.Release|Any CPU.Build.0 = Release|Any CPU
		{37D7DC8D-CCFB-4C22-9AF3-8E9529FAB3B6}.Debug|Any CPU.ActiveCfg = Debug|Any CPU
		{37D7DC8D-CCFB-4C22-9AF3-8E9529FAB3B6}.Debug|Any CPU.Build.0 = Debug|Any CPU
		{37D7DC8D-CCFB-4C22-9AF3-8E9529FAB3B6}.Release|Any CPU.ActiveCfg = Release|Any CPU
		{37D7DC8D-CCFB-4C22-9AF3-8E9529FAB3B6}.Release|Any CPU.Build.0 = Release|Any CPU
		{55D9D279-312D-418D-AA92-9485A2EB3F6F}.Debug|Any CPU.ActiveCfg = Debug|Any CPU
		{55D9D279-312D-418D-AA92-9485A2EB3F6F}.Debug|Any CPU.Build.0 = Debug|Any CPU
		{55D9D279-312D-418D-AA92-9485A2EB3F6F}.Release|Any CPU.ActiveCfg = Release|Any CPU
		{55D9D279-312D-418D-AA92-9485A2EB3F6F}.Release|Any CPU.Build.0 = Release|Any CPU
		{B6F71DDE-A857-49F5-8270-BE2EDA3BD965}.Debug|Any CPU.ActiveCfg = Debug|Any CPU
		{B6F71DDE-A857-49F5-8270-BE2EDA3BD965}.Debug|Any CPU.Build.0 = Debug|Any CPU
		{B6F71DDE-A857-49F5-8270-BE2EDA3BD965}.Release|Any CPU.ActiveCfg = Release|Any CPU
		{B6F71DDE-A857-49F5-8270-BE2EDA3BD965}.Release|Any CPU.Build.0 = Release|Any CPU
		{11DBA312-458D-41D5-A6EE-AD73008EE87A}.Debug|Any CPU.ActiveCfg = Debug|Any CPU
		{11DBA312-458D-41D5-A6EE-AD73008EE87A}.Debug|Any CPU.Build.0 = Debug|Any CPU
		{11DBA312-458D-41D5-A6EE-AD73008EE87A}.Release|Any CPU.ActiveCfg = Release|Any CPU
		{11DBA312-458D-41D5-A6EE-AD73008EE87A}.Release|Any CPU.Build.0 = Release|Any CPU
		{461D923A-8F4E-4774-88C1-73B97FF94069}.Debug|Any CPU.ActiveCfg = Debug|Any CPU
		{461D923A-8F4E-4774-88C1-73B97FF94069}.Debug|Any CPU.Build.0 = Debug|Any CPU
		{461D923A-8F4E-4774-88C1-73B97FF94069}.Release|Any CPU.ActiveCfg = Release|Any CPU
		{461D923A-8F4E-4774-88C1-73B97FF94069}.Release|Any CPU.Build.0 = Release|Any CPU
		{57C882B1-534E-4FE8-82E6-9F61DCCB0FB0}.Debug|Any CPU.ActiveCfg = Debug|Any CPU
		{57C882B1-534E-4FE8-82E6-9F61DCCB0FB0}.Debug|Any CPU.Build.0 = Debug|Any CPU
		{57C882B1-534E-4FE8-82E6-9F61DCCB0FB0}.Release|Any CPU.ActiveCfg = Release|Any CPU
		{57C882B1-534E-4FE8-82E6-9F61DCCB0FB0}.Release|Any CPU.Build.0 = Release|Any CPU
	EndGlobalSection
	GlobalSection(SolutionProperties) = preSolution
		HideSolutionNode = FALSE
	EndGlobalSection
EndGlobal
